// !$*UTF8*$!
{
	archiveVersion = 1;
	classes = {
	};
	objectVersion = 50;
	objects = {

/* Begin PBXBuildFile section */
		2AE65BB220D1248500DFE9DF /* AppDelegate.m in Sources */ = {isa = PBXBuildFile; fileRef = 2AE65BB120D1248500DFE9DF /* AppDelegate.m */; };
		2AE65BB520D1248500DFE9DF /* ViewController.m in Sources */ = {isa = PBXBuildFile; fileRef = 2AE65BB420D1248500DFE9DF /* ViewController.m */; };
		2AE65BB820D1248500DFE9DF /* Main.storyboard in Resources */ = {isa = PBXBuildFile; fileRef = 2AE65BB620D1248500DFE9DF /* Main.storyboard */; };
		2AE65BBA20D1248700DFE9DF /* Assets.xcassets in Resources */ = {isa = PBXBuildFile; fileRef = 2AE65BB920D1248700DFE9DF /* Assets.xcassets */; };
		2AE65BBD20D1248700DFE9DF /* LaunchScreen.storyboard in Resources */ = {isa = PBXBuildFile; fileRef = 2AE65BBB20D1248700DFE9DF /* LaunchScreen.storyboard */; };
		2AE65BC020D1248700DFE9DF /* main.m in Sources */ = {isa = PBXBuildFile; fileRef = 2AE65BBF20D1248700DFE9DF /* main.m */; };
		2AE65BC920D127C600DFE9DF /* HSSThread.m in Sources */ = {isa = PBXBuildFile; fileRef = 2AE65BC820D127C600DFE9DF /* HSSThread.m */; };
/* End PBXBuildFile section */

/* Begin PBXFileReference section */
		2AE65BAD20D1248500DFE9DF /* runloop.app */ = {isa = PBXFileReference; explicitFileType = wrapper.application; includeInIndex = 0; path = runloop.app; sourceTree = BUILT_PRODUCTS_DIR; };
		2AE65BB020D1248500DFE9DF /* AppDelegate.h */ = {isa = PBXFileReference; lastKnownFileType = sourcecode.c.h; path = AppDelegate.h; sourceTree = "<group>"; };
		2AE65BB120D1248500DFE9DF /* AppDelegate.m */ = {isa = PBXFileReference; lastKnownFileType = sourcecode.c.objc; path = AppDelegate.m; sourceTree = "<group>"; };
		2AE65BB320D1248500DFE9DF /* ViewController.h */ = {isa = PBXFileReference; lastKnownFileType = sourcecode.c.h; path = ViewController.h; sourceTree = "<group>"; };
		2AE65BB420D1248500DFE9DF /* ViewController.m */ = {isa = PBXFileReference; lastKnownFileType = sourcecode.c.objc; path = ViewController.m; sourceTree = "<group>"; };
		2AE65BB720D1248500DFE9DF /* Base */ = {isa = PBXFileReference; lastKnownFileType = file.storyboard; name = Base; path = Base.lproj/Main.storyboard; sourceTree = "<group>"; };
		2AE65BB920D1248700DFE9DF /* Assets.xcassets */ = {isa = PBXFileReference; lastKnownFileType = folder.assetcatalog; path = Assets.xcassets; sourceTree = "<group>"; };
		2AE65BBC20D1248700DFE9DF /* Base */ = {isa = PBXFileReference; lastKnownFileType = file.storyboard; name = Base; path = Base.lproj/LaunchScreen.storyboard; sourceTree = "<group>"; };
		2AE65BBE20D1248700DFE9DF /* Info.plist */ = {isa = PBXFileReference; lastKnownFileType = text.plist.xml; path = Info.plist; sourceTree = "<group>"; };
		2AE65BBF20D1248700DFE9DF /* main.m */ = {isa = PBXFileReference; lastKnownFileType = sourcecode.c.objc; path = main.m; sourceTree = "<group>"; };
		2AE65BC720D127C600DFE9DF /* HSSThread.h */ = {isa = PBXFileReference; lastKnownFileType = sourcecode.c.h; path = HSSThread.h; sourceTree = "<group>"; };
		2AE65BC820D127C600DFE9DF /* HSSThread.m */ = {isa = PBXFileReference; lastKnownFileType = sourcecode.c.objc; path = HSSThread.m; sourceTree = "<group>"; };
/* End PBXFileReference section */

/* Begin PBXFrameworksBuildPhase section */
		2AE65BAA20D1248500DFE9DF /* Frameworks */ = {
			isa = PBXFrameworksBuildPhase;
			buildActionMask = 2147483647;
			files = (
			);
			runOnlyForDeploymentPostprocessing = 0;
		};
/* End PBXFrameworksBuildPhase section */

/* Begin PBXGroup section */
		2AE65BA420D1248500DFE9DF = {
			isa = PBXGroup;
			children = (
				2AE65BAF20D1248500DFE9DF /* runloop */,
				2AE65BAE20D1248500DFE9DF /* Products */,
			);
			sourceTree = "<group>";
		};
		2AE65BAE20D1248500DFE9DF /* Products */ = {
			isa = PBXGroup;
			children = (
				2AE65BAD20D1248500DFE9DF /* runloop.app */,
			);
			name = Products;
			sourceTree = "<group>";
		};
		2AE65BAF20D1248500DFE9DF /* runloop */ = {
			isa = PBXGroup;
			children = (
				2AE65BC620D127B300DFE9DF /* Thread */,
				2AE65BB020D1248500DFE9DF /* AppDelegate.h */,
				2AE65BB120D1248500DFE9DF /* AppDelegate.m */,
				2AE65BB320D1248500DFE9DF /* ViewController.h */,
				2AE65BB420D1248500DFE9DF /* ViewController.m */,
				2AE65BB620D1248500DFE9DF /* Main.storyboard */,
				2AE65BB920D1248700DFE9DF /* Assets.xcassets */,
				2AE65BBB20D1248700DFE9DF /* LaunchScreen.storyboard */,
				2AE65BBE20D1248700DFE9DF /* Info.plist */,
				2AE65BBF20D1248700DFE9DF /* main.m */,
			);
			path = runloop;
			sourceTree = "<group>";
		};
		2AE65BC620D127B300DFE9DF /* Thread */ = {
			isa = PBXGroup;
			children = (
				2AE65BC720D127C600DFE9DF /* HSSThread.h */,
				2AE65BC820D127C600DFE9DF /* HSSThread.m */,
			);
			path = Thread;
			sourceTree = "<group>";
		};
/* End PBXGroup section */

/* Begin PBXNativeTarget section */
		2AE65BAC20D1248500DFE9DF /* runloop */ = {
			isa = PBXNativeTarget;
			buildConfigurationList = 2AE65BC320D1248700DFE9DF /* Build configuration list for PBXNativeTarget "runloop" */;
			buildPhases = (
				2AE65BA920D1248500DFE9DF /* Sources */,
				2AE65BAA20D1248500DFE9DF /* Frameworks */,
				2AE65BAB20D1248500DFE9DF /* Resources */,
			);
			buildRules = (
			);
			dependencies = (
			);
			name = runloop;
			productName = runloop;
			productReference = 2AE65BAD20D1248500DFE9DF /* runloop.app */;
			productType = "com.apple.product-type.application";
		};
/* End PBXNativeTarget section */

/* Begin PBXProject section */
		2AE65BA520D1248500DFE9DF /* Project object */ = {
			isa = PBXProject;
			attributes = {
				LastUpgradeCheck = 0940;
				ORGANIZATIONNAME = "红蜀黍";
				TargetAttributes = {
					2AE65BAC20D1248500DFE9DF = {
						CreatedOnToolsVersion = 9.4;
					};
				};
			};
			buildConfigurationList = 2AE65BA820D1248500DFE9DF /* Build configuration list for PBXProject "runloop" */;
			compatibilityVersion = "Xcode 9.3";
			developmentRegion = en;
			hasScannedForEncodings = 0;
			knownRegions = (
				en,
				Base,
			);
			mainGroup = 2AE65BA420D1248500DFE9DF;
			productRefGroup = 2AE65BAE20D1248500DFE9DF /* Products */;
			projectDirPath = "";
			projectRoot = "";
			targets = (
				2AE65BAC20D1248500DFE9DF /* runloop */,
			);
		};
/* End PBXProject section */

/* Begin PBXResourcesBuildPhase section */
		2AE65BAB20D1248500DFE9DF /* Resources */ = {
			isa = PBXResourcesBuildPhase;
			buildActionMask = 2147483647;
			files = (
				2AE65BBD20D1248700DFE9DF /* LaunchScreen.storyboard in Resources */,
				2AE65BBA20D1248700DFE9DF /* Assets.xcassets in Resources */,
				2AE65BB820D1248500DFE9DF /* Main.storyboard in Resources */,
			);
			runOnlyForDeploymentPostprocessing = 0;
		};
/* End PBXResourcesBuildPhase section */

/* Begin PBXSourcesBuildPhase section */
		2AE65BA920D1248500DFE9DF /* Sources */ = {
			isa = PBXSourcesBuildPhase;
			buildActionMask = 2147483647;
			files = (
				2AE65BC920D127C600DFE9DF /* HSSThread.m in Sources */,
				2AE65BB520D1248500DFE9DF /* ViewController.m in Sources */,
				2AE65BC020D1248700DFE9DF /* main.m in Sources */,
				2AE65BB220D1248500DFE9DF /* AppDelegate.m in Sources */,
			);
			runOnlyForDeploymentPostprocessing = 0;
		};
/* End PBXSourcesBuildPhase section */

/* Begin PBXVariantGroup section */
		2AE65BB620D1248500DFE9DF /* Main.storyboard */ = {
			isa = PBXVariantGroup;
			children = (
				2AE65BB720D1248500DFE9DF /* Base */,
			);
			name = Main.storyboard;
			sourceTree = "<group>";
		};
		2AE65BBB20D1248700DFE9DF /* LaunchScreen.storyboard */ = {
			isa = PBXVariantGroup;
			children = (
				2AE65BBC20D1248700DFE9DF /* Base */,
			);
			name = LaunchScreen.storyboard;
			sourceTree = "<group>";
		};
/* End PBXVariantGroup section */

/* Begin XCBuildConfiguration section */
		2AE65BC120D1248700DFE9DF /* Debug */ = {
			isa = XCBuildConfiguration;
			buildSettings = {
				ALWAYS_SEARCH_USER_PATHS = NO;
				CLANG_ANALYZER_NONNULL = YES;
				CLANG_ANALYZER_NUMBER_OBJECT_CONVERSION = YES_AGGRESSIVE;
				CLANG_CXX_LANGUAGE_STANDARD = "gnu++14";
				CLANG_CXX_LIBRARY = "libc++";
				CLANG_ENABLE_MODULES = YES;
				CLANG_ENABLE_OBJC_ARC = YES;
				CLANG_ENABLE_OBJC_WEAK = YES;
				CLANG_WARN_BLOCK_CAPTURE_AUTORELEASING = YES;
				CLANG_WARN_BOOL_CONVERSION = YES;
				CLANG_WARN_COMMA = YES;
				CLANG_WARN_CONSTANT_CONVERSION = YES;
				CLANG_WARN_DEPRECATED_OBJC_IMPLEMENTATIONS = YES;
				CLANG_WARN_DIRECT_OBJC_ISA_USAGE = YES_ERROR;
				CLANG_WARN_DOCUMENTATION_COMMENTS = YES;
				CLANG_WARN_EMPTY_BODY = YES;
				CLANG_WARN_ENUM_CONVERSION = YES;
				CLANG_WARN_INFINITE_RECURSION = YES;
				CLANG_WARN_INT_CONVERSION = YES;
				CLANG_WARN_NON_LITERAL_NULL_CONVERSION = YES;
				CLANG_WARN_OBJC_IMPLICIT_RETAIN_SELF = YES;
				CLANG_WARN_OBJC_LITERAL_CONVERSION = YES;
				CLANG_WARN_OBJC_ROOT_CLASS = YES_ERROR;
				CLANG_WARN_RANGE_LOOP_ANALYSIS = YES;
				CLANG_WARN_STRICT_PROTOTYPES = YES;
				CLANG_WARN_SUSPICIOUS_MOVE = YES;
				CLANG_WARN_UNGUARDED_AVAILABILITY = YES_AGGRESSIVE;
				CLANG_WARN_UNREACHABLE_CODE = YES;
				CLANG_WARN__DUPLICATE_METHOD_MATCH = YES;
				CODE_SIGN_IDENTITY = "iPhone Developer";
				COPY_PHASE_STRIP = NO;
				DEBUG_INFORMATION_FORMAT = dwarf;
				ENABLE_STRICT_OBJC_MSGSEND = YES;
				ENABLE_TESTABILITY = YES;
				GCC_C_LANGUAGE_STANDARD = gnu11;
				GCC_DYNAMIC_NO_PIC = NO;
				GCC_NO_COMMON_BLOCKS = YES;
				GCC_OPTIMIZATION_LEVEL = 0;
				GCC_PREPROCESSOR_DEFINITIONS = (
					"DEBUG=1",
					"$(inherited)",
				);
				GCC_WARN_64_TO_32_BIT_CONVERSION = YES;
				GCC_WARN_ABOUT_RETURN_TYPE = YES_ERROR;
				GCC_WARN_UNDECLARED_SELECTOR = YES;
				GCC_WARN_UNINITIALIZED_AUTOS = YES_AGGRESSIVE;
				GCC_WARN_UNUSED_FUNCTION = YES;
				GCC_WARN_UNUSED_VARIABLE = YES;
				IPHONEOS_DEPLOYMENT_TARGET = 11.4;
				MTL_ENABLE_DEBUG_INFO = YES;
				ONLY_ACTIVE_ARCH = YES;
				SDKROOT = iphoneos;
			};
			name = Debug;
		};
		2AE65BC220D1248700DFE9DF /* Release */ = {
			isa = XCBuildConfiguration;
			buildSettings = {
				ALWAYS_SEARCH_USER_PATHS = NO;
				CLANG_ANALYZER_NONNULL = YES;
				CLANG_ANALYZER_NUMBER_OBJECT_CONVERSION = YES_AGGRESSIVE;
				CLANG_CXX_LANGUAGE_STANDARD = "gnu++14";
				CLANG_CXX_LIBRARY = "libc++";
				CLANG_ENABLE_MODULES = YES;
				CLANG_ENABLE_OBJC_ARC = YES;
				CLANG_ENABLE_OBJC_WEAK = YES;
				CLANG_WARN_BLOCK_CAPTURE_AUTORELEASING = YES;
				CLANG_WARN_BOOL_CONVERSION = YES;
				CLANG_WARN_COMMA = YES;
				CLANG_WARN_CONSTANT_CONVERSION = YES;
				CLANG_WARN_DEPRECATED_OBJC_IMPLEMENTATIONS = YES;
				CLANG_WARN_DIRECT_OBJC_ISA_USAGE = YES_ERROR;
				CLANG_WARN_DOCUMENTATION_COMMENTS = YES;
				CLANG_WARN_EMPTY_BODY = YES;
				CLANG_WARN_ENUM_CONVERSION = YES;
				CLANG_WARN_INFINITE_RECURSION = YES;
				CLANG_WARN_INT_CONVERSION = YES;
				CLANG_WARN_NON_LITERAL_NULL_CONVERSION = YES;
				CLANG_WARN_OBJC_IMPLICIT_RETAIN_SELF = YES;
				CLANG_WARN_OBJC_LITERAL_CONVERSION = YES;
				CLANG_WARN_OBJC_ROOT_CLASS = YES_ERROR;
				CLANG_WARN_RANGE_LOOP_ANALYSIS = YES;
				CLANG_WARN_STRICT_PROTOTYPES = YES;
				CLANG_WARN_SUSPICIOUS_MOVE = YES;
				CLANG_WARN_UNGUARDED_AVAILABILITY = YES_AGGRESSIVE;
				CLANG_WARN_UNREACHABLE_CODE = YES;
				CLANG_WARN__DUPLICATE_METHOD_MATCH = YES;
				CODE_SIGN_IDENTITY = "iPhone Developer";
				COPY_PHASE_STRIP = NO;
				DEBUG_INFORMATION_FORMAT = "dwarf-with-dsym";
				ENABLE_NS_ASSERTIONS = NO;
				ENABLE_STRICT_OBJC_MSGSEND = YES;
				GCC_C_LANGUAGE_STANDARD = gnu11;
				GCC_NO_COMMON_BLOCKS = YES;
				GCC_WARN_64_TO_32_BIT_CONVERSION = YES;
				GCC_WARN_ABOUT_RETURN_TYPE = YES_ERROR;
				GCC_WARN_UNDECLARED_SELECTOR = YES;
				GCC_WARN_UNINITIALIZED_AUTOS = YES_AGGRESSIVE;
				GCC_WARN_UNUSED_FUNCTION = YES;
				GCC_WARN_UNUSED_VARIABLE = YES;
				IPHONEOS_DEPLOYMENT_TARGET = 11.4;
				MTL_ENABLE_DEBUG_INFO = NO;
				SDKROOT = iphoneos;
				VALIDATE_PRODUCT = YES;
			};
			name = Release;
		};
		2AE65BC420D1248700DFE9DF /* Debug */ = {
			isa = XCBuildConfiguration;
			buildSettings = {
				ASSETCATALOG_COMPILER_APPICON_NAME = AppIcon;
				CODE_SIGN_STYLE = Automatic;
				DEVELOPMENT_TEAM = 4WV783CFA9;
				INFOPLIST_FILE = runloop/Info.plist;
				LD_RUNPATH_SEARCH_PATHS = (
					"$(inherited)",
					"@executable_path/Frameworks",
				);
				PRODUCT_BUNDLE_IDENTIFIER = com.hongshushu.runloop;
				PRODUCT_NAME = "$(TARGET_NAME)";
				TARGETED_DEVICE_FAMILY = "1,2";
			};
			name = Debug;
		};
		2AE65BC520D1248700DFE9DF /* Release */ = {
			isa = XCBuildConfiguration;
			buildSettings = {
				ASSETCATALOG_COMPILER_APPICON_NAME = AppIcon;
				CODE_SIGN_STYLE = Automatic;
				DEVELOPMENT_TEAM = 4WV783CFA9;
				INFOPLIST_FILE = runloop/Info.plist;
				LD_RUNPATH_SEARCH_PATHS = (
					"$(inherited)",
					"@executable_path/Frameworks",
				);
				PRODUCT_BUNDLE_IDENTIFIER = com.hongshushu.runloop;
				PRODUCT_NAME = "$(TARGET_NAME)";
				TARGETED_DEVICE_FAMILY = "1,2";
			};
			name = Release;
		};
/* End XCBuildConfiguration section */

/* Begin XCConfigurationList section */
		2AE65BA820D1248500DFE9DF /* Build configuration list for PBXProject "runloop" */ = {
			isa = XCConfigurationList;
			buildConfigurations = (
				2AE65BC120D1248700DFE9DF /* Debug */,
				2AE65BC220D1248700DFE9DF /* Release */,
			);
			defaultConfigurationIsVisible = 0;
			defaultConfigurationName = Release;
		};
		2AE65BC320D1248700DFE9DF /* Build configuration list for PBXNativeTarget "runloop" */ = {
			isa = XCConfigurationList;
			buildConfigurations = (
				2AE65BC420D1248700DFE9DF /* Debug */,
				2AE65BC520D1248700DFE9DF /* Release */,
			);
			defaultConfigurationIsVisible = 0;
			defaultConfigurationName = Release;
		};
/* End XCConfigurationList section */
	};
	rootObject = 2AE65BA520D1248500DFE9DF /* Project object */;
}
